PODS:
  - Alamofire (5.0.0-beta.2)
  - AlamofireObjectMapper (6.0.0):
    - Alamofire (~> 5.0.0-beta.2)
    - ObjectMapper (~> 3.4)
  - IQKeyboardManagerSwift (6.0.5)
  - ObjectMapper (3.4.2)
  - TwilioVideo (2.10.1)

DEPENDENCIES:
  - AlamofireObjectMapper
  - IQKeyboardManagerSwift (~> 6.0.2)
  - TwilioVideo (~> 2.10)

SPEC REPOS:
  https://github.com/cocoapods/specs.git:
    - Alamofire
    - AlamofireObjectMapper
    - IQKeyboardManagerSwift
    - ObjectMapper
    - TwilioVideo

SPEC CHECKSUMS:
  Alamofire: d1e5493588babe3e7b56ae29e8032942f4de09fe
  AlamofireObjectMapper: 8cf0e01a1b36b485877033f8f6aa733977488da3
  IQKeyboardManagerSwift: c14eca30f6001457d6ddf25e313f23fb6578c41c
  ObjectMapper: 0d4402610f4e468903ae64629eec4784531e5c51
  TwilioVideo: 4a2235d7b3810fe072383e507dab7fdc93f62320

PODFILE CHECKSUM: 93fd80ea4a2c0bd1ea1e6cbd2a7e5d5f2918000f

COCOAPODS: 1.5.3
